// !$*UTF8*$!
{
	archiveVersion = 1;
	classes = {
	};
	objectVersion = 48;
	objects = {

/* Begin PBXBuildFile section */
		087CA3773E210767CD0B261F /* Pods_AlamofireStructs.framework in Frameworks */ = {isa = PBXBuildFile; fileRef = 7290DCAFEA2E09D49D063B7C /* Pods_AlamofireStructs.framework */; };
		DE265DD220AC41B600189003 /* AppDelegate.swift in Sources */ = {isa = PBXBuildFile; fileRef = DE265DD120AC41B600189003 /* AppDelegate.swift */; };
		DE265DD420AC41B600189003 /* TableViewController.swift in Sources */ = {isa = PBXBuildFile; fileRef = DE265DD320AC41B600189003 /* TableViewController.swift */; };
		DE265DD720AC41B600189003 /* Main.storyboard in Resources */ = {isa = PBXBuildFile; fileRef = DE265DD520AC41B600189003 /* Main.storyboard */; };
		DE265DD920AC41B600189003 /* Assets.xcassets in Resources */ = {isa = PBXBuildFile; fileRef = DE265DD820AC41B600189003 /* Assets.xcassets */; };
		DE265DDC20AC41B600189003 /* LaunchScreen.storyboard in Resources */ = {isa = PBXBuildFile; fileRef = DE265DDA20AC41B600189003 /* LaunchScreen.storyboard */; };
		DE64F04F2106974200F6907A /* AlamofireStructs Screenshot 2.png in Resources */ = {isa = PBXBuildFile; fileRef = DE64F04C2106974200F6907A /* AlamofireStructs Screenshot 2.png */; };
		DE64F0502106974200F6907A /* AlamofireStructs Screenshot 3.png in Resources */ = {isa = PBXBuildFile; fileRef = DE64F04D2106974200F6907A /* AlamofireStructs Screenshot 3.png */; };
		DE64F0512106974200F6907A /* AlamofireStructs Screenshot 1.png in Resources */ = {isa = PBXBuildFile; fileRef = DE64F04E2106974200F6907A /* AlamofireStructs Screenshot 1.png */; };
		DED2AC7A20B437F100D3D28E /* ViewController.swift in Sources */ = {isa = PBXBuildFile; fileRef = DED2AC7920B437F100D3D28E /* ViewController.swift */; };
/* End PBXBuildFile section */

/* Begin PBXFileReference section */
		1EF3F133A232BCBEE12D444A /* Pods-AlamofireStructs.debug.xcconfig */ = {isa = PBXFileReference; includeInIndex = 1; lastKnownFileType = text.xcconfig; name = "Pods-AlamofireStructs.debug.xcconfig"; path = "Pods/Target Support Files/Pods-AlamofireStructs/Pods-AlamofireStructs.debug.xcconfig"; sourceTree = "<group>"; };
		7290DCAFEA2E09D49D063B7C /* Pods_AlamofireStructs.framework */ = {isa = PBXFileReference; explicitFileType = wrapper.framework; includeInIndex = 0; path = Pods_AlamofireStructs.framework; sourceTree = BUILT_PRODUCTS_DIR; };
		BCF96DA343EB250A6449FA7C /* Pods-AlamofireStructs.release.xcconfig */ = {isa = PBXFileReference; includeInIndex = 1; lastKnownFileType = text.xcconfig; name = "Pods-AlamofireStructs.release.xcconfig"; path = "Pods/Target Support Files/Pods-AlamofireStructs/Pods-AlamofireStructs.release.xcconfig"; sourceTree = "<group>"; };
		DE265DCE20AC41B600189003 /* AlamofireStructs.app */ = {isa = PBXFileReference; explicitFileType = wrapper.application; includeInIndex = 0; path = AlamofireStructs.app; sourceTree = BUILT_PRODUCTS_DIR; };
		DE265DD120AC41B600189003 /* AppDelegate.swift */ = {isa = PBXFileReference; lastKnownFileType = sourcecode.swift; path = AppDelegate.swift; sourceTree = "<group>"; };
		DE265DD320AC41B600189003 /* TableViewController.swift */ = {isa = PBXFileReference; lastKnownFileType = sourcecode.swift; path = TableViewController.swift; sourceTree = "<group>"; };
		DE265DD620AC41B600189003 /* Base */ = {isa = PBXFileReference; lastKnownFileType = file.storyboard; name = Base; path = Base.lproj/Main.storyboard; sourceTree = "<group>"; };
		DE265DD820AC41B600189003 /* Assets.xcassets */ = {isa = PBXFileReference; lastKnownFileType = folder.assetcatalog; path = Assets.xcassets; sourceTree = "<group>"; };
		DE265DDB20AC41B600189003 /* Base */ = {isa = PBXFileReference; lastKnownFileType = file.storyboard; name = Base; path = Base.lproj/LaunchScreen.storyboard; sourceTree = "<group>"; };
		DE265DDD20AC41B600189003 /* Info.plist */ = {isa = PBXFileReference; lastKnownFileType = text.plist.xml; path = Info.plist; sourceTree = "<group>"; };
		DE64F04C2106974200F6907A /* AlamofireStructs Screenshot 2.png */ = {isa = PBXFileReference; lastKnownFileType = image.png; path = "AlamofireStructs Screenshot 2.png"; sourceTree = "<group>"; };
		DE64F04D2106974200F6907A /* AlamofireStructs Screenshot 3.png */ = {isa = PBXFileReference; lastKnownFileType = image.png; path = "AlamofireStructs Screenshot 3.png"; sourceTree = "<group>"; };
		DE64F04E2106974200F6907A /* AlamofireStructs Screenshot 1.png */ = {isa = PBXFileReference; lastKnownFileType = image.png; path = "AlamofireStructs Screenshot 1.png"; sourceTree = "<group>"; };
		DED2AC7920B437F100D3D28E /* ViewController.swift */ = {isa = PBXFileReference; lastKnownFileType = sourcecode.swift; path = ViewController.swift; sourceTree = "<group>"; };
/* End PBXFileReference section */

/* Begin PBXFrameworksBuildPhase section */
		DE265DCB20AC41B600189003 /* Frameworks */ = {
			isa = PBXFrameworksBuildPhase;
			buildActionMask = 2147483647;
			files = (
				087CA3773E210767CD0B261F /* Pods_AlamofireStructs.framework in Frameworks */,
			);
			runOnlyForDeploymentPostprocessing = 0;
		};
/* End PBXFrameworksBuildPhase section */

/* Begin PBXGroup section */
		0E50FB6643702E8EDCAB9EAD /* Frameworks */ = {
			isa = PBXGroup;
			children = (
				7290DCAFEA2E09D49D063B7C /* Pods_AlamofireStructs.framework */,
			);
			name = Frameworks;
			sourceTree = "<group>";
		};
		89E17D8A5C3DD279702D3FA4 /* Pods */ = {
			isa = PBXGroup;
			children = (
				1EF3F133A232BCBEE12D444A /* Pods-AlamofireStructs.debug.xcconfig */,
				BCF96DA343EB250A6449FA7C /* Pods-AlamofireStructs.release.xcconfig */,
			);
			name = Pods;
			sourceTree = "<group>";
		};
		DE265DC520AC41B500189003 = {
			isa = PBXGroup;
			children = (
				DE265DD020AC41B600189003 /* AlamofireStructs */,
				DE265DCF20AC41B600189003 /* Products */,
				89E17D8A5C3DD279702D3FA4 /* Pods */,
				0E50FB6643702E8EDCAB9EAD /* Frameworks */,
			);
			sourceTree = "<group>";
		};
		DE265DCF20AC41B600189003 /* Products */ = {
			isa = PBXGroup;
			children = (
				DE265DCE20AC41B600189003 /* AlamofireStructs.app */,
			);
			name = Products;
			sourceTree = "<group>";
		};
		DE265DD020AC41B600189003 /* AlamofireStructs */ = {
			isa = PBXGroup;
			children = (
				DE265DD120AC41B600189003 /* AppDelegate.swift */,
				DE265DD320AC41B600189003 /* TableViewController.swift */,
				DE265DD520AC41B600189003 /* Main.storyboard */,
				DED2AC7920B437F100D3D28E /* ViewController.swift */,
				DE265DD820AC41B600189003 /* Assets.xcassets */,
				DE265DDA20AC41B600189003 /* LaunchScreen.storyboard */,
				DE265DDD20AC41B600189003 /* Info.plist */,
				DE64F04E2106974200F6907A /* AlamofireStructs Screenshot 1.png */,
				DE64F04C2106974200F6907A /* AlamofireStructs Screenshot 2.png */,
				DE64F04D2106974200F6907A /* AlamofireStructs Screenshot 3.png */,
			);
			path = AlamofireStructs;
			sourceTree = "<group>";
		};
/* End PBXGroup section */

/* Begin PBXNativeTarget section */
		DE265DCD20AC41B600189003 /* AlamofireStructs */ = {
			isa = PBXNativeTarget;
			buildConfigurationList = DE265DE020AC41B600189003 /* Build configuration list for PBXNativeTarget "AlamofireStructs" */;
			buildPhases = (
				ECC2A8CDF89FEFD2EAC216FD /* [CP] Check Pods Manifest.lock */,
				DE265DCA20AC41B600189003 /* Sources */,
				DE265DCB20AC41B600189003 /* Frameworks */,
				DE265DCC20AC41B600189003 /* Resources */,
				8AF731C03B068426C67130B1 /* [CP] Embed Pods Frameworks */,
				95D248FEA215D692BD669968 /* [CP] Copy Pods Resources */,
			);
			buildRules = (
			);
			dependencies = (
			);
			name = AlamofireStructs;
			productName = AlamofireStructs;
			productReference = DE265DCE20AC41B600189003 /* AlamofireStructs.app */;
			productType = "com.apple.product-type.application";
		};
/* End PBXNativeTarget section */

/* Begin PBXProject section */
		DE265DC620AC41B500189003 /* Project object */ = {
			isa = PBXProject;
			attributes = {
				LastSwiftUpdateCheck = 0920;
				LastUpgradeCheck = 0920;
				ORGANIZATIONNAME = "Jack Carter";
				TargetAttributes = {
					DE265DCD20AC41B600189003 = {
						CreatedOnToolsVersion = 9.2;
						ProvisioningStyle = Automatic;
					};
				};
			};
			buildConfigurationList = DE265DC920AC41B500189003 /* Build configuration list for PBXProject "AlamofireStructs" */;
			compatibilityVersion = "Xcode 8.0";
			developmentRegion = en;
			hasScannedForEncodings = 0;
			knownRegions = (
				en,
				Base,
			);
			mainGroup = DE265DC520AC41B500189003;
			productRefGroup = DE265DCF20AC41B600189003 /* Products */;
			projectDirPath = "";
			projectRoot = "";
			targets = (
				DE265DCD20AC41B600189003 /* AlamofireStructs */,
			);
		};
/* End PBXProject section */

/* Begin PBXResourcesBuildPhase section */
		DE265DCC20AC41B600189003 /* Resources */ = {
			isa = PBXResourcesBuildPhase;
			buildActionMask = 2147483647;
			files = (
				DE64F04F2106974200F6907A /* AlamofireStructs Screenshot 2.png in Resources */,
				DE265DDC20AC41B600189003 /* LaunchScreen.storyboard in Resources */,
				DE64F0502106974200F6907A /* AlamofireStructs Screenshot 3.png in Resources */,
				DE265DD920AC41B600189003 /* Assets.xcassets in Resources */,
				DE265DD720AC41B600189003 /* Main.storyboard in Resources */,
				DE64F0512106974200F6907A /* AlamofireStructs Screenshot 1.png in Resources */,
			);
			runOnlyForDeploymentPostprocessing = 0;
		};
/* End PBXResourcesBuildPhase section */

/* Begin PBXShellScriptBuildPhase section */
		8AF731C03B068426C67130B1 /* [CP] Embed Pods Frameworks */ = {
			isa = PBXShellScriptBuildPhase;
			buildActionMask = 2147483647;
			files = (
			);
			inputPaths = (
				"${SRCROOT}/Pods/Target Support Files/Pods-AlamofireStructs/Pods-AlamofireStructs-frameworks.sh",
				"${BUILT_PRODUCTS_DIR}/Alamofire/Alamofire.framework",
			);
			name = "[CP] Embed Pods Frameworks";
			outputPaths = (
				"${TARGET_BUILD_DIR}/${FRAMEWORKS_FOLDER_PATH}/Alamofire.framework",
			);
			runOnlyForDeploymentPostprocessing = 0;
			shellPath = /bin/sh;
			shellScript = "\"${SRCROOT}/Pods/Target Support Files/Pods-AlamofireStructs/Pods-AlamofireStructs-frameworks.sh\"\n";
			showEnvVarsInLog = 0;
		};
		95D248FEA215D692BD669968 /* [CP] Copy Pods Resources */ = {
			isa = PBXShellScriptBuildPhase;
			buildActionMask = 2147483647;
			files = (
			);
			inputPaths = (
			);
			name = "[CP] Copy Pods Resources";
			outputPaths = (
			);
			runOnlyForDeploymentPostprocessing = 0;
			shellPath = /bin/sh;
			shellScript = "\"${SRCROOT}/Pods/Target Support Files/Pods-AlamofireStructs/Pods-AlamofireStructs-resources.sh\"\n";
			showEnvVarsInLog = 0;
		};
		ECC2A8CDF89FEFD2EAC216FD /* [CP] Check Pods Manifest.lock */ = {
			isa = PBXShellScriptBuildPhase;
			buildActionMask = 2147483647;
			files = (
			);
			inputPaths = (
				"${PODS_PODFILE_DIR_PATH}/Podfile.lock",
				"${PODS_ROOT}/Manifest.lock",
			);
			name = "[CP] Check Pods Manifest.lock";
			outputPaths = (
				"$(DERIVED_FILE_DIR)/Pods-AlamofireStructs-checkManifestLockResult.txt",
			);
			runOnlyForDeploymentPostprocessing = 0;
			shellPath = /bin/sh;
			shellScript = "diff \"${PODS_PODFILE_DIR_PATH}/Podfile.lock\" \"${PODS_ROOT}/Manifest.lock\" > /dev/null\nif [ $? != 0 ] ; then\n    # print error to STDERR\n    echo \"error: The sandbox is not in sync with the Podfile.lock. Run 'pod install' or update your CocoaPods installation.\" >&2\n    exit 1\nfi\n# This output is used by Xcode 'outputs' to avoid re-running this script phase.\necho \"SUCCESS\" > \"${SCRIPT_OUTPUT_FILE_0}\"\n";
			showEnvVarsInLog = 0;
		};
/* End PBXShellScriptBuildPhase section */

/* Begin PBXSourcesBuildPhase section */
		DE265DCA20AC41B600189003 /* Sources */ = {
			isa = PBXSourcesBuildPhase;
			buildActionMask = 2147483647;
			files = (
				DED2AC7A20B437F100D3D28E /* ViewController.swift in Sources */,
				DE265DD420AC41B600189003 /* TableViewController.swift in Sources */,
				DE265DD220AC41B600189003 /* AppDelegate.swift in Sources */,
			);
			runOnlyForDeploymentPostprocessing = 0;
		};
/* End PBXSourcesBuildPhase section */

/* Begin PBXVariantGroup section */
		DE265DD520AC41B600189003 /* Main.storyboard */ = {
			isa = PBXVariantGroup;
			children = (
				DE265DD620AC41B600189003 /* Base */,
			);
			name = Main.storyboard;
			sourceTree = "<group>";
		};
		DE265DDA20AC41B600189003 /* LaunchScreen.storyboard */ = {
			isa = PBXVariantGroup;
			children = (
				DE265DDB20AC41B600189003 /* Base */,
			);
			name = LaunchScreen.storyboard;
			sourceTree = "<group>";
		};
/* End PBXVariantGroup section */

/* Begin XCBuildConfiguration section */
		DE265DDE20AC41B600189003 /* Debug */ = {
			isa = XCBuildConfiguration;
			buildSettings = {
				ALWAYS_SEARCH_USER_PATHS = NO;
				CLANG_ANALYZER_NONNULL = YES;
				CLANG_ANALYZER_NUMBER_OBJECT_CONVERSION = YES_AGGRESSIVE;
				CLANG_CXX_LANGUAGE_STANDARD = "gnu++14";
				CLANG_CXX_LIBRARY = "libc++";
				CLANG_ENABLE_MODULES = YES;
				CLANG_ENABLE_OBJC_ARC = YES;
				CLANG_WARN_BLOCK_CAPTURE_AUTORELEASING = YES;
				CLANG_WARN_BOOL_CONVERSION = YES;
				CLANG_WARN_COMMA = YES;
				CLANG_WARN_CONSTANT_CONVERSION = YES;
				CLANG_WARN_DIRECT_OBJC_ISA_USAGE = YES_ERROR;
				CLANG_WARN_DOCUMENTATION_COMMENTS = YES;
				CLANG_WARN_EMPTY_BODY = YES;
				CLANG_WARN_ENUM_CONVERSION = YES;
				CLANG_WARN_INFINITE_RECURSION = YES;
				CLANG_WARN_INT_CONVERSION = YES;
				CLANG_WARN_NON_LITERAL_NULL_CONVERSION = YES;
				CLANG_WARN_OBJC_LITERAL_CONVERSION = YES;
				CLANG_WARN_OBJC_ROOT_CLASS = YES_ERROR;
				CLANG_WARN_RANGE_LOOP_ANALYSIS = YES;
				CLANG_WARN_STRICT_PROTOTYPES = YES;
				CLANG_WARN_SUSPICIOUS_MOVE = YES;
				CLANG_WARN_UNGUARDED_AVAILABILITY = YES_AGGRESSIVE;
				CLANG_WARN_UNREACHABLE_CODE = YES;
				CLANG_WARN__DUPLICATE_METHOD_MATCH = YES;
				CODE_SIGN_IDENTITY = "iPhone Developer";
				COPY_PHASE_STRIP = NO;
				DEBUG_INFORMATION_FORMAT = dwarf;
				ENABLE_STRICT_OBJC_MSGSEND = YES;
				ENABLE_TESTABILITY = YES;
				GCC_C_LANGUAGE_STANDARD = gnu11;
				GCC_DYNAMIC_NO_PIC = NO;
				GCC_NO_COMMON_BLOCKS = YES;
				GCC_OPTIMIZATION_LEVEL = 0;
				GCC_PREPROCESSOR_DEFINITIONS = (
					"DEBUG=1",
					"$(inherited)",
				);
				GCC_WARN_64_TO_32_BIT_CONVERSION = YES;
				GCC_WARN_ABOUT_RETURN_TYPE = YES_ERROR;
				GCC_WARN_UNDECLARED_SELECTOR = YES;
				GCC_WARN_UNINITIALIZED_AUTOS = YES_AGGRESSIVE;
				GCC_WARN_UNUSED_FUNCTION = YES;
				GCC_WARN_UNUSED_VARIABLE = YES;
				IPHONEOS_DEPLOYMENT_TARGET = 11.2;
				MTL_ENABLE_DEBUG_INFO = YES;
				ONLY_ACTIVE_ARCH = YES;
				SDKROOT = iphoneos;
				SWIFT_ACTIVE_COMPILATION_CONDITIONS = DEBUG;
				SWIFT_OPTIMIZATION_LEVEL = "-Onone";
			};
			name = Debug;
		};
		DE265DDF20AC41B600189003 /* Release */ = {
			isa = XCBuildConfiguration;
			buildSettings = {
				ALWAYS_SEARCH_USER_PATHS = NO;
				CLANG_ANALYZER_NONNULL = YES;
				CLANG_ANALYZER_NUMBER_OBJECT_CONVERSION = YES_AGGRESSIVE;
				CLANG_CXX_LANGUAGE_STANDARD = "gnu++14";
				CLANG_CXX_LIBRARY = "libc++";
				CLANG_ENABLE_MODULES = YES;
				CLANG_ENABLE_OBJC_ARC = YES;
				CLANG_WARN_BLOCK_CAPTURE_AUTORELEASING = YES;
				CLANG_WARN_BOOL_CONVERSION = YES;
				CLANG_WARN_COMMA = YES;
				CLANG_WARN_CONSTANT_CONVERSION = YES;
				CLANG_WARN_DIRECT_OBJC_ISA_USAGE = YES_ERROR;
				CLANG_WARN_DOCUMENTATION_COMMENTS = YES;
				CLANG_WARN_EMPTY_BODY = YES;
				CLANG_WARN_ENUM_CONVERSION = YES;
				CLANG_WARN_INFINITE_RECURSION = YES;
				CLANG_WARN_INT_CONVERSION = YES;
				CLANG_WARN_NON_LITERAL_NULL_CONVERSION = YES;
				CLANG_WARN_OBJC_LITERAL_CONVERSION = YES;
				CLANG_WARN_OBJC_ROOT_CLASS = YES_ERROR;
				CLANG_WARN_RANGE_LOOP_ANALYSIS = YES;
				CLANG_WARN_STRICT_PROTOTYPES = YES;
				CLANG_WARN_SUSPICIOUS_MOVE = YES;
				CLANG_WARN_UNGUARDED_AVAILABILITY = YES_AGGRESSIVE;
				CLANG_WARN_UNREACHABLE_CODE = YES;
				CLANG_WARN__DUPLICATE_METHOD_MATCH = YES;
				CODE_SIGN_IDENTITY = "iPhone Developer";
				COPY_PHASE_STRIP = NO;
				DEBUG_INFORMATION_FORMAT = "dwarf-with-dsym";
				ENABLE_NS_ASSERTIONS = NO;
				ENABLE_STRICT_OBJC_MSGSEND = YES;
				GCC_C_LANGUAGE_STANDARD = gnu11;
				GCC_NO_COMMON_BLOCKS = YES;
				GCC_WARN_64_TO_32_BIT_CONVERSION = YES;
				GCC_WARN_ABOUT_RETURN_TYPE = YES_ERROR;
				GCC_WARN_UNDECLARED_SELECTOR = YES;
				GCC_WARN_UNINITIALIZED_AUTOS = YES_AGGRESSIVE;
				GCC_WARN_UNUSED_FUNCTION = YES;
				GCC_WARN_UNUSED_VARIABLE = YES;
				IPHONEOS_DEPLOYMENT_TARGET = 11.2;
				MTL_ENABLE_DEBUG_INFO = NO;
				SDKROOT = iphoneos;
				SWIFT_OPTIMIZATION_LEVEL = "-Owholemodule";
				VALIDATE_PRODUCT = YES;
			};
			name = Release;
		};
		DE265DE120AC41B600189003 /* Debug */ = {
			isa = XCBuildConfiguration;
			baseConfigurationReference = 1EF3F133A232BCBEE12D444A /* Pods-AlamofireStructs.debug.xcconfig */;
			buildSettings = {
				ASSETCATALOG_COMPILER_APPICON_NAME = AppIcon;
				CODE_SIGN_STYLE = Automatic;
				INFOPLIST_FILE = AlamofireStructs/Info.plist;
				LD_RUNPATH_SEARCH_PATHS = "$(inherited) @executable_path/Frameworks";
				PRODUCT_BUNDLE_IDENTIFIER = JackCarter.AlamofireStructs;
				PRODUCT_NAME = "$(TARGET_NAME)";
				SWIFT_VERSION = 4.0;
				TARGETED_DEVICE_FAMILY = "1,2";
			};
			name = Debug;
		};
		DE265DE220AC41B600189003 /* Release */ = {
			isa = XCBuildConfiguration;
			baseConfigurationReference = BCF96DA343EB250A6449FA7C /* Pods-AlamofireStructs.release.xcconfig */;
			buildSettings = {
				ASSETCATALOG_COMPILER_APPICON_NAME = AppIcon;
				CODE_SIGN_STYLE = Automatic;
				INFOPLIST_FILE = AlamofireStructs/Info.plist;
				LD_RUNPATH_SEARCH_PATHS = "$(inherited) @executable_path/Frameworks";
				PRODUCT_BUNDLE_IDENTIFIER = JackCarter.AlamofireStructs;
				PRODUCT_NAME = "$(TARGET_NAME)";
				SWIFT_VERSION = 4.0;
				TARGETED_DEVICE_FAMILY = "1,2";
			};
			name = Release;
		};
/* End XCBuildConfiguration section */

/* Begin XCConfigurationList section */
		DE265DC920AC41B500189003 /* Build configuration list for PBXProject "AlamofireStructs" */ = {
			isa = XCConfigurationList;
			buildConfigurations = (
				DE265DDE20AC41B600189003 /* Debug */,
				DE265DDF20AC41B600189003 /* Release */,
			);
			defaultConfigurationIsVisible = 0;
			defaultConfigurationName = Release;
		};
		DE265DE020AC41B600189003 /* Build configuration list for PBXNativeTarget "AlamofireStructs" */ = {
			isa = XCConfigurationList;
			buildConfigurations = (
				DE265DE120AC41B600189003 /* Debug */,
				DE265DE220AC41B600189003 /* Release */,
			);
			defaultConfigurationIsVisible = 0;
			defaultConfigurationName = Release;
		};
/* End XCConfigurationList section */
	};
	rootObject = DE265DC620AC41B500189003 /* Project object */;
}
